
Microsoft Visual Studio Solution File, Format Version 12.00
# Visual Studio 15
VisualStudioVersion = 15.0.27703.2026
MinimumVisualStudioVersion = 10.0.40219.1
Project("{FAE04EC0-301F-11D3-BF4B-00C04F79EFBC}") = "ScreenLoad", "ScreenLoad\ScreenLoad.csproj", "{CD642BF4-D815-4D67-A0B5-C69F0B8231AF}"
EndProject
Project("{FAE04EC0-301F-11D3-BF4B-00C04F79EFBC}") = "ScreenLoadPlugin", "ScreenLoadPlugin\ScreenLoadPlugin.csproj", "{5B924697-4DCD-4F98-85F1-105CB84B7341}"
EndProject
Project("{FAE04EC0-301F-11D3-BF4B-00C04F79EFBC}") = "ScreenLoadExternalCommandPlugin", "ScreenLoadExternalCommandPlugin\ScreenLoadExternalCommandPlugin.csproj", "{47F23C86-604E-4CC3-8767-B3D4088F30BB}"
EndProject
Project("{FAE04EC0-301F-11D3-BF4B-00C04F79EFBC}") = "ScreenLoadDownloadRuPlugin", "ScreenLoadDownloadRuPlugin\ScreenLoadDownloadRuPlugin.csproj", "{75888A53-0DD4-46E5-BEE5-D928FF8EDD1E}"
EndProject
Global
	GlobalSection(SolutionConfigurationPlatforms) = preSolution
		Debug|Any CPU = Debug|Any CPU
		Debug|Mixed Platforms = Debug|Mixed Platforms
		Debug|x86 = Debug|x86
		Release|Any CPU = Release|Any CPU
		Release|Mixed Platforms = Release|Mixed Platforms
		Release|x86 = Release|x86
	EndGlobalSection
	GlobalSection(ProjectConfigurationPlatforms) = postSolution
		{CD642BF4-D815-4D67-A0B5-C69F0B8231AF}.Debug|Any CPU.ActiveCfg = Debug|Any CPU
		{CD642BF4-D815-4D67-A0B5-C69F0B8231AF}.Debug|Any CPU.Build.0 = Debug|Any CPU
		{CD642BF4-D815-4D67-A0B5-C69F0B8231AF}.Debug|Mixed Platforms.ActiveCfg = Debug|Any CPU
		{CD642BF4-D815-4D67-A0B5-C69F0B8231AF}.Debug|x86.ActiveCfg = Debug|x86
		{CD642BF4-D815-4D67-A0B5-C69F0B8231AF}.Debug|x86.Build.0 = Debug|x86
		{CD642BF4-D815-4D67-A0B5-C69F0B8231AF}.Release|Any CPU.ActiveCfg = Release|Any CPU
		{CD642BF4-D815-4D67-A0B5-C69F0B8231AF}.Release|Any CPU.Build.0 = Release|Any CPU
		{CD642BF4-D815-4D67-A0B5-C69F0B8231AF}.Release|Mixed Platforms.ActiveCfg = Release|Any CPU
		{CD642BF4-D815-4D67-A0B5-C69F0B8231AF}.Release|x86.ActiveCfg = Release|x86
		{5B924697-4DCD-4F98-85F1-105CB84B7341}.Debug|Any CPU.ActiveCfg = Debug|Any CPU
		{5B924697-4DCD-4F98-85F1-105CB84B7341}.Debug|Any CPU.Build.0 = Debug|Any CPU
		{5B924697-4DCD-4F98-85F1-105CB84B7341}.Debug|Mixed Platforms.ActiveCfg = Debug|Any CPU
		{5B924697-4DCD-4F98-85F1-105CB84B7341}.Debug|x86.ActiveCfg = Debug|x86
		{5B924697-4DCD-4F98-85F1-105CB84B7341}.Debug|x86.Build.0 = Debug|x86
		{5B924697-4DCD-4F98-85F1-105CB84B7341}.Release|Any CPU.ActiveCfg = Release|Any CPU
		{5B924697-4DCD-4F98-85F1-105CB84B7341}.Release|Any CPU.Build.0 = Release|Any CPU
		{5B924697-4DCD-4F98-85F1-105CB84B7341}.Release|Mixed Platforms.ActiveCfg = Release|Any CPU
		{5B924697-4DCD-4F98-85F1-105CB84B7341}.Release|x86.ActiveCfg = Release|x86
		{47F23C86-604E-4CC3-8767-B3D4088F30BB}.Debug|Any CPU.ActiveCfg = Debug|Any CPU
		{47F23C86-604E-4CC3-8767-B3D4088F30BB}.Debug|Any CPU.Build.0 = Debug|Any CPU
		{47F23C86-604E-4CC3-8767-B3D4088F30BB}.Debug|Mixed Platforms.ActiveCfg = Debug|Any CPU
		{47F23C86-604E-4CC3-8767-B3D4088F30BB}.Debug|x86.ActiveCfg = Debug|x86
		{47F23C86-604E-4CC3-8767-B3D4088F30BB}.Debug|x86.Build.0 = Debug|x86
		{47F23C86-604E-4CC3-8767-B3D4088F30BB}.Release|Any CPU.ActiveCfg = Release|Any CPU
		{47F23C86-604E-4CC3-8767-B3D4088F30BB}.Release|Any CPU.Build.0 = Release|Any CPU
		{47F23C86-604E-4CC3-8767-B3D4088F30BB}.Release|Mixed Platforms.ActiveCfg = Release|Any CPU
		{47F23C86-604E-4CC3-8767-B3D4088F30BB}.Release|x86.ActiveCfg = Release|x86
		{75888A53-0DD4-46E5-BEE5-D928FF8EDD1E}.Debug|Any CPU.ActiveCfg = Debug|Any CPU
		{75888A53-0DD4-46E5-BEE5-D928FF8EDD1E}.Debug|Any CPU.Build.0 = Debug|Any CPU
		{75888A53-0DD4-46E5-BEE5-D928FF8EDD1E}.Debug|Mixed Platforms.ActiveCfg = Debug|Any CPU
		{75888A53-0DD4-46E5-BEE5-D928FF8EDD1E}.Debug|Mixed Platforms.Build.0 = Debug|Any CPU
		{75888A53-0DD4-46E5-BEE5-D928FF8EDD1E}.Debug|x86.ActiveCfg = Debug|Any CPU
		{75888A53-0DD4-46E5-BEE5-D928FF8EDD1E}.Debug|x86.Build.0 = Debug|Any CPU
		{75888A53-0DD4-46E5-BEE5-D928FF8EDD1E}.Release|Any CPU.ActiveCfg = Release|Any CPU
		{75888A53-0DD4-46E5-BEE5-D928FF8EDD1E}.Release|Any CPU.Build.0 = Release|Any CPU
		{75888A53-0DD4-46E5-BEE5-D928FF8EDD1E}.Release|Mixed Platforms.ActiveCfg = Release|Any CPU
		{75888A53-0DD4-46E5-BEE5-D928FF8EDD1E}.Release|Mixed Platforms.Build.0 = Release|Any CPU
		{75888A53-0DD4-46E5-BEE5-D928FF8EDD1E}.Release|x86.ActiveCfg = Release|Any CPU
		{75888A53-0DD4-46E5-BEE5-D928FF8EDD1E}.Release|x86.Build.0 = Release|Any CPU
	EndGlobalSection
	GlobalSection(SolutionProperties) = preSolution
		HideSolutionNode = FALSE
	EndGlobalSection
	GlobalSection(ExtensibilityGlobals) = postSolution
		SolutionGuid = {CCFE4877-00B4-4B99-BCBF-EC70D5E84DF8}
	EndGlobalSection
EndGlobal
